
Microsoft Visual Studio Solution File, Format Version 12.00
# Visual Studio Version 17
VisualStudioVersion = 17.11.35219.272
MinimumVisualStudioVersion = 10.0.40219.1
Project("{FAE04EC0-301F-11D3-BF4B-00C04F79EFBC}") = "TradingExpertAdvisor", "TradingExpertAdvisor.csproj", "{772018D7-34F4-48F4-A229-91E04F0FE092}"
EndProject
Project("{FAE04EC0-301F-11D3-BF4B-00C04F79EFBC}") = "TradingExpertAdvisorGUI", "..\TradingExpertAdvisorGUI\TradingExpertAdvisorGUI.csproj", "{B61CB75E-FE51-4822-B63C-D5CC128E0451}"
EndProject
Global
	GlobalSection(SolutionConfigurationPlatforms) = preSolution
		Debug|Any CPU = Debug|Any CPU
		Release|Any CPU = Release|Any CPU
	EndGlobalSection
	GlobalSection(ProjectConfigurationPlatforms) = postSolution
		{772018D7-34F4-48F4-A229-91E04F0FE092}.Debug|Any CPU.ActiveCfg = Debug|Any CPU
		{772018D7-34F4-48F4-A229-91E04F0FE092}.Debug|Any CPU.Build.0 = Debug|Any CPU
		{772018D7-34F4-48F4-A229-91E04F0FE092}.Release|Any CPU.ActiveCfg = Release|Any CPU
		{772018D7-34F4-48F4-A229-91E04F0FE092}.Release|Any CPU.Build.0 = Release|Any CPU
		{B61CB75E-FE51-4822-B63C-D5CC128E0451}.Debug|Any CPU.ActiveCfg = Debug|Any CPU
		{B61CB75E-FE51-4822-B63C-D5CC128E0451}.Debug|Any CPU.Build.0 = Debug|Any CPU
		{B61CB75E-FE51-4822-B63C-D5CC128E0451}.Release|Any CPU.ActiveCfg = Release|Any CPU
		{B61CB75E-FE51-4822-B63C-D5CC128E0451}.Release|Any CPU.Build.0 = Release|Any CPU
	EndGlobalSection
	GlobalSection(SolutionProperties) = preSolution
		HideSolutionNode = FALSE
	EndGlobalSection
	GlobalSection(ExtensibilityGlobals) = postSolution
		SolutionGuid = {2CF061C3-DC1B-4E95-B0F2-542C5C75286E}
	EndGlobalSection
EndGlobal
